PODS:
  - Kingfisher (7.1.2)
  - ProgressHUD (13.6)

DEPENDENCIES:
  - Kingfisher (~> 7.0)
  - ProgressHUD

SPEC REPOS:
  trunk:
    - Kingfisher
    - ProgressHUD

SPEC CHECKSUMS:
  Kingfisher: 44ed6a8504763f27bab46163adfac83f5deb240c
  ProgressHUD: 4bdaa0d2ddf676b23324b199f9facffb5c3a1620

PODFILE CHECKSUM: d45f04a39d99da0bd19e7e4d848b2d15c340c4b2

COCOAPODS: 1.11.2
